
Microsoft Visual Studio Solution File, Format Version 12.00
# Visual Studio Version 17
VisualStudioVersion = 17.0.31903.59
MinimumVisualStudioVersion = 10.0.40219.1
Project("{FAE04EC0-301F-11D3-BF4B-00C04F79EFBC}") = "CsvTransform", "CsvTransform\CsvTransform.csproj", "{978B4DBA-00D0-4801-B8CF-4FA1E831ADA9}"
EndProject
Project("{FAE04EC0-301F-11D3-BF4B-00C04F79EFBC}") = "CsvTransformRunner", "CsvTransformRunner\CsvTransformRunner.csproj", "{E8CD5EDE-4290-4965-8548-C6820CA39259}"
EndProject
Project("{FAE04EC0-301F-11D3-BF4B-00C04F79EFBC}") = "CsvTransform.Tests", "CsvTransform.Tests\CsvTransform.Tests.csproj", "{8482EBCF-776E-4B0D-848B-2AB6211DFBCD}"
EndProject
Project("{2150E333-8FDC-42A3-9474-1A3956D46DE8}") = "src", "src", "{827E0CD3-B72D-47B6-A68D-7590B98EB39B}"
EndProject
Project("{FAE04EC0-301F-11D3-BF4B-00C04F79EFBC}") = "FileProcessing.Core", "src\FileProcessing.Core\FileProcessing.Core.csproj", "{3CD39619-820D-4FBD-9BF3-39B53893CBB3}"
EndProject
Project("{FAE04EC0-301F-11D3-BF4B-00C04F79EFBC}") = "FileProcessing.Handlers.Csv", "src\FileProcessing.Handlers.Csv\FileProcessing.Handlers.Csv.csproj", "{6AFD60E6-078D-4AA8-822F-C3C64762F66B}"
EndProject
Project("{FAE04EC0-301F-11D3-BF4B-00C04F79EFBC}") = "FileProcessing.Handlers.Gpx", "src\FileProcessing.Handlers.Gpx\FileProcessing.Handlers.Gpx.csproj", "{54CC5114-C93F-44C3-808E-FF46BCDEA487}"
EndProject
Project("{FAE04EC0-301F-11D3-BF4B-00C04F79EFBC}") = "FileProcessing.Handlers.Fit", "src\FileProcessing.Handlers.Fit\FileProcessing.Handlers.Fit.csproj", "{D30B3A04-69D7-4FD8-8194-01993BA1603D}"
EndProject
Project("{FAE04EC0-301F-11D3-BF4B-00C04F79EFBC}") = "FileProcessing.Templating", "src\FileProcessing.Templating\FileProcessing.Templating.csproj", "{386054E9-1BA2-4372-86A8-8E5B75E19CA6}"
EndProject
Project("{FAE04EC0-301F-11D3-BF4B-00C04F79EFBC}") = "FileProcessing.Runner", "src\FileProcessing.SampleApp\FileProcessing.Runner.csproj", "{8F972F50-33C2-45A7-A0E7-A4E07256CC72}"
EndProject
Project("{2150E333-8FDC-42A3-9474-1A3956D46DE8}") = "tests", "tests", "{0AB3BF05-4346-4AA6-1389-037BE0695223}"
EndProject
Project("{FAE04EC0-301F-11D3-BF4B-00C04F79EFBC}") = "FileProcessing.Core.Tests", "tests\FileProcessing.Core.Tests\FileProcessing.Core.Tests.csproj", "{4C0CE0A2-C062-4806-A4E6-22B444F18AAB}"
EndProject
Project("{FAE04EC0-301F-11D3-BF4B-00C04F79EFBC}") = "FileProcessing.Handlers.Tests", "tests\FileProcessing.Handlers.Tests\FileProcessing.Handlers.Tests.csproj", "{CF39726F-002B-4821-9FEE-9D522BFB22F4}"
EndProject
Project("{FAE04EC0-301F-11D3-BF4B-00C04F79EFBC}") = "FileProcessing.Templating.Tests", "tests\FileProcessing.Templating.Tests\FileProcessing.Templating.Tests.csproj", "{2348786A-7193-43D2-8060-6F15C9DF7C96}"
EndProject
Global
	GlobalSection(SolutionConfigurationPlatforms) = preSolution
		Debug|Any CPU = Debug|Any CPU
		Debug|x64 = Debug|x64
		Debug|x86 = Debug|x86
		Release|Any CPU = Release|Any CPU
		Release|x64 = Release|x64
		Release|x86 = Release|x86
	EndGlobalSection
	GlobalSection(ProjectConfigurationPlatforms) = postSolution
		{978B4DBA-00D0-4801-B8CF-4FA1E831ADA9}.Debug|Any CPU.ActiveCfg = Debug|Any CPU
		{978B4DBA-00D0-4801-B8CF-4FA1E831ADA9}.Debug|Any CPU.Build.0 = Debug|Any CPU
		{978B4DBA-00D0-4801-B8CF-4FA1E831ADA9}.Debug|x64.ActiveCfg = Debug|Any CPU
		{978B4DBA-00D0-4801-B8CF-4FA1E831ADA9}.Debug|x64.Build.0 = Debug|Any CPU
		{978B4DBA-00D0-4801-B8CF-4FA1E831ADA9}.Debug|x86.ActiveCfg = Debug|Any CPU
		{978B4DBA-00D0-4801-B8CF-4FA1E831ADA9}.Debug|x86.Build.0 = Debug|Any CPU
		{978B4DBA-00D0-4801-B8CF-4FA1E831ADA9}.Release|Any CPU.ActiveCfg = Release|Any CPU
		{978B4DBA-00D0-4801-B8CF-4FA1E831ADA9}.Release|Any CPU.Build.0 = Release|Any CPU
		{978B4DBA-00D0-4801-B8CF-4FA1E831ADA9}.Release|x64.ActiveCfg = Release|Any CPU
		{978B4DBA-00D0-4801-B8CF-4FA1E831ADA9}.Release|x64.Build.0 = Release|Any CPU
		{978B4DBA-00D0-4801-B8CF-4FA1E831ADA9}.Release|x86.ActiveCfg = Release|Any CPU
		{978B4DBA-00D0-4801-B8CF-4FA1E831ADA9}.Release|x86.Build.0 = Release|Any CPU
		{E8CD5EDE-4290-4965-8548-C6820CA39259}.Debug|Any CPU.ActiveCfg = Debug|Any CPU
		{E8CD5EDE-4290-4965-8548-C6820CA39259}.Debug|Any CPU.Build.0 = Debug|Any CPU
		{E8CD5EDE-4290-4965-8548-C6820CA39259}.Debug|x64.ActiveCfg = Debug|Any CPU
		{E8CD5EDE-4290-4965-8548-C6820CA39259}.Debug|x64.Build.0 = Debug|Any CPU
		{E8CD5EDE-4290-4965-8548-C6820CA39259}.Debug|x86.ActiveCfg = Debug|Any CPU
		{E8CD5EDE-4290-4965-8548-C6820CA39259}.Debug|x86.Build.0 = Debug|Any CPU
		{E8CD5EDE-4290-4965-8548-C6820CA39259}.Release|Any CPU.ActiveCfg = Release|Any CPU
		{E8CD5EDE-4290-4965-8548-C6820CA39259}.Release|Any CPU.Build.0 = Release|Any CPU
		{E8CD5EDE-4290-4965-8548-C6820CA39259}.Release|x64.ActiveCfg = Release|Any CPU
		{E8CD5EDE-4290-4965-8548-C6820CA39259}.Release|x64.Build.0 = Release|Any CPU
		{E8CD5EDE-4290-4965-8548-C6820CA39259}.Release|x86.ActiveCfg = Release|Any CPU
		{E8CD5EDE-4290-4965-8548-C6820CA39259}.Release|x86.Build.0 = Release|Any CPU
		{8482EBCF-776E-4B0D-848B-2AB6211DFBCD}.Debug|Any CPU.ActiveCfg = Debug|Any CPU
		{8482EBCF-776E-4B0D-848B-2AB6211DFBCD}.Debug|Any CPU.Build.0 = Debug|Any CPU
		{8482EBCF-776E-4B0D-848B-2AB6211DFBCD}.Debug|x64.ActiveCfg = Debug|Any CPU
		{8482EBCF-776E-4B0D-848B-2AB6211DFBCD}.Debug|x64.Build.0 = Debug|Any CPU
		{8482EBCF-776E-4B0D-848B-2AB6211DFBCD}.Debug|x86.ActiveCfg = Debug|Any CPU
		{8482EBCF-776E-4B0D-848B-2AB6211DFBCD}.Debug|x86.Build.0 = Debug|Any CPU
		{8482EBCF-776E-4B0D-848B-2AB6211DFBCD}.Release|Any CPU.ActiveCfg = Release|Any CPU
		{8482EBCF-776E-4B0D-848B-2AB6211DFBCD}.Release|Any CPU.Build.0 = Release|Any CPU
		{8482EBCF-776E-4B0D-848B-2AB6211DFBCD}.Release|x64.ActiveCfg = Release|Any CPU
		{8482EBCF-776E-4B0D-848B-2AB6211DFBCD}.Release|x64.Build.0 = Release|Any CPU
		{8482EBCF-776E-4B0D-848B-2AB6211DFBCD}.Release|x86.ActiveCfg = Release|Any CPU
		{8482EBCF-776E-4B0D-848B-2AB6211DFBCD}.Release|x86.Build.0 = Release|Any CPU
		{3CD39619-820D-4FBD-9BF3-39B53893CBB3}.Debug|Any CPU.ActiveCfg = Debug|Any CPU
		{3CD39619-820D-4FBD-9BF3-39B53893CBB3}.Debug|Any CPU.Build.0 = Debug|Any CPU
		{3CD39619-820D-4FBD-9BF3-39B53893CBB3}.Debug|x64.ActiveCfg = Debug|Any CPU
		{3CD39619-820D-4FBD-9BF3-39B53893CBB3}.Debug|x64.Build.0 = Debug|Any CPU
		{3CD39619-820D-4FBD-9BF3-39B53893CBB3}.Debug|x86.ActiveCfg = Debug|Any CPU
		{3CD39619-820D-4FBD-9BF3-39B53893CBB3}.Debug|x86.Build.0 = Debug|Any CPU
		{3CD39619-820D-4FBD-9BF3-39B53893CBB3}.Release|Any CPU.ActiveCfg = Release|Any CPU
		{3CD39619-820D-4FBD-9BF3-39B53893CBB3}.Release|Any CPU.Build.0 = Release|Any CPU
		{3CD39619-820D-4FBD-9BF3-39B53893CBB3}.Release|x64.ActiveCfg = Release|Any CPU
		{3CD39619-820D-4FBD-9BF3-39B53893CBB3}.Release|x64.Build.0 = Release|Any CPU
		{3CD39619-820D-4FBD-9BF3-39B53893CBB3}.Release|x86.ActiveCfg = Release|Any CPU
		{3CD39619-820D-4FBD-9BF3-39B53893CBB3}.Release|x86.Build.0 = Release|Any CPU
		{6AFD60E6-078D-4AA8-822F-C3C64762F66B}.Debug|Any CPU.ActiveCfg = Debug|Any CPU
		{6AFD60E6-078D-4AA8-822F-C3C64762F66B}.Debug|Any CPU.Build.0 = Debug|Any CPU
		{6AFD60E6-078D-4AA8-822F-C3C64762F66B}.Debug|x64.ActiveCfg = Debug|Any CPU
		{6AFD60E6-078D-4AA8-822F-C3C64762F66B}.Debug|x64.Build.0 = Debug|Any CPU
		{6AFD60E6-078D-4AA8-822F-C3C64762F66B}.Debug|x86.ActiveCfg = Debug|Any CPU
		{6AFD60E6-078D-4AA8-822F-C3C64762F66B}.Debug|x86.Build.0 = Debug|Any CPU
		{6AFD60E6-078D-4AA8-822F-C3C64762F66B}.Release|Any CPU.ActiveCfg = Release|Any CPU
		{6AFD60E6-078D-4AA8-822F-C3C64762F66B}.Release|Any CPU.Build.0 = Release|Any CPU
		{6AFD60E6-078D-4AA8-822F-C3C64762F66B}.Release|x64.ActiveCfg = Release|Any CPU
		{6AFD60E6-078D-4AA8-822F-C3C64762F66B}.Release|x64.Build.0 = Release|Any CPU
		{6AFD60E6-078D-4AA8-822F-C3C64762F66B}.Release|x86.ActiveCfg = Release|Any CPU
		{6AFD60E6-078D-4AA8-822F-C3C64762F66B}.Release|x86.Build.0 = Release|Any CPU
		{54CC5114-C93F-44C3-808E-FF46BCDEA487}.Debug|Any CPU.ActiveCfg = Debug|Any CPU
		{54CC5114-C93F-44C3-808E-FF46BCDEA487}.Debug|Any CPU.Build.0 = Debug|Any CPU
		{54CC5114-C93F-44C3-808E-FF46BCDEA487}.Debug|x64.ActiveCfg = Debug|Any CPU
		{54CC5114-C93F-44C3-808E-FF46BCDEA487}.Debug|x64.Build.0 = Debug|Any CPU
		{54CC5114-C93F-44C3-808E-FF46BCDEA487}.Debug|x86.ActiveCfg = Debug|Any CPU
		{54CC5114-C93F-44C3-808E-FF46BCDEA487}.Debug|x86.Build.0 = Debug|Any CPU
		{54CC5114-C93F-44C3-808E-FF46BCDEA487}.Release|Any CPU.ActiveCfg = Release|Any CPU
		{54CC5114-C93F-44C3-808E-FF46BCDEA487}.Release|Any CPU.Build.0 = Release|Any CPU
		{54CC5114-C93F-44C3-808E-FF46BCDEA487}.Release|x64.ActiveCfg = Release|Any CPU
		{54CC5114-C93F-44C3-808E-FF46BCDEA487}.Release|x64.Build.0 = Release|Any CPU
		{54CC5114-C93F-44C3-808E-FF46BCDEA487}.Release|x86.ActiveCfg = Release|Any CPU
		{54CC5114-C93F-44C3-808E-FF46BCDEA487}.Release|x86.Build.0 = Release|Any CPU
		{D30B3A04-69D7-4FD8-8194-01993BA1603D}.Debug|Any CPU.ActiveCfg = Debug|Any CPU
		{D30B3A04-69D7-4FD8-8194-01993BA1603D}.Debug|Any CPU.Build.0 = Debug|Any CPU
		{D30B3A04-69D7-4FD8-8194-01993BA1603D}.Debug|x64.ActiveCfg = Debug|Any CPU
		{D30B3A04-69D7-4FD8-8194-01993BA1603D}.Debug|x64.Build.0 = Debug|Any CPU
		{D30B3A04-69D7-4FD8-8194-01993BA1603D}.Debug|x86.ActiveCfg = Debug|Any CPU
		{D30B3A04-69D7-4FD8-8194-01993BA1603D}.Debug|x86.Build.0 = Debug|Any CPU
		{D30B3A04-69D7-4FD8-8194-01993BA1603D}.Release|Any CPU.ActiveCfg = Release|Any CPU
		{D30B3A04-69D7-4FD8-8194-01993BA1603D}.Release|Any CPU.Build.0 = Release|Any CPU
		{D30B3A04-69D7-4FD8-8194-01993BA1603D}.Release|x64.ActiveCfg = Release|Any CPU
		{D30B3A04-69D7-4FD8-8194-01993BA1603D}.Release|x64.Build.0 = Release|Any CPU
		{D30B3A04-69D7-4FD8-8194-01993BA1603D}.Release|x86.ActiveCfg = Release|Any CPU
		{D30B3A04-69D7-4FD8-8194-01993BA1603D}.Release|x86.Build.0 = Release|Any CPU
		{386054E9-1BA2-4372-86A8-8E5B75E19CA6}.Debug|Any CPU.ActiveCfg = Debug|Any CPU
		{386054E9-1BA2-4372-86A8-8E5B75E19CA6}.Debug|Any CPU.Build.0 = Debug|Any CPU
		{386054E9-1BA2-4372-86A8-8E5B75E19CA6}.Debug|x64.ActiveCfg = Debug|Any CPU
		{386054E9-1BA2-4372-86A8-8E5B75E19CA6}.Debug|x64.Build.0 = Debug|Any CPU
		{386054E9-1BA2-4372-86A8-8E5B75E19CA6}.Debug|x86.ActiveCfg = Debug|Any CPU
		{386054E9-1BA2-4372-86A8-8E5B75E19CA6}.Debug|x86.Build.0 = Debug|Any CPU
		{386054E9-1BA2-4372-86A8-8E5B75E19CA6}.Release|Any CPU.ActiveCfg = Release|Any CPU
		{386054E9-1BA2-4372-86A8-8E5B75E19CA6}.Release|Any CPU.Build.0 = Release|Any CPU
		{386054E9-1BA2-4372-86A8-8E5B75E19CA6}.Release|x64.ActiveCfg = Release|Any CPU
		{386054E9-1BA2-4372-86A8-8E5B75E19CA6}.Release|x64.Build.0 = Release|Any CPU
		{386054E9-1BA2-4372-86A8-8E5B75E19CA6}.Release|x86.ActiveCfg = Release|Any CPU
		{386054E9-1BA2-4372-86A8-8E5B75E19CA6}.Release|x86.Build.0 = Release|Any CPU
		{8F972F50-33C2-45A7-A0E7-A4E07256CC72}.Debug|Any CPU.ActiveCfg = Debug|Any CPU
		{8F972F50-33C2-45A7-A0E7-A4E07256CC72}.Debug|Any CPU.Build.0 = Debug|Any CPU
		{8F972F50-33C2-45A7-A0E7-A4E07256CC72}.Debug|x64.ActiveCfg = Debug|Any CPU
		{8F972F50-33C2-45A7-A0E7-A4E07256CC72}.Debug|x64.Build.0 = Debug|Any CPU
		{8F972F50-33C2-45A7-A0E7-A4E07256CC72}.Debug|x86.ActiveCfg = Debug|Any CPU
		{8F972F50-33C2-45A7-A0E7-A4E07256CC72}.Debug|x86.Build.0 = Debug|Any CPU
		{8F972F50-33C2-45A7-A0E7-A4E07256CC72}.Release|Any CPU.ActiveCfg = Release|Any CPU
		{8F972F50-33C2-45A7-A0E7-A4E07256CC72}.Release|Any CPU.Build.0 = Release|Any CPU
		{8F972F50-33C2-45A7-A0E7-A4E07256CC72}.Release|x64.ActiveCfg = Release|Any CPU
		{8F972F50-33C2-45A7-A0E7-A4E07256CC72}.Release|x64.Build.0 = Release|Any CPU
		{8F972F50-33C2-45A7-A0E7-A4E07256CC72}.Release|x86.ActiveCfg = Release|Any CPU
		{8F972F50-33C2-45A7-A0E7-A4E07256CC72}.Release|x86.Build.0 = Release|Any CPU
		{4C0CE0A2-C062-4806-A4E6-22B444F18AAB}.Debug|Any CPU.ActiveCfg = Debug|Any CPU
		{4C0CE0A2-C062-4806-A4E6-22B444F18AAB}.Debug|Any CPU.Build.0 = Debug|Any CPU
		{4C0CE0A2-C062-4806-A4E6-22B444F18AAB}.Debug|x64.ActiveCfg = Debug|Any CPU
		{4C0CE0A2-C062-4806-A4E6-22B444F18AAB}.Debug|x64.Build.0 = Debug|Any CPU
		{4C0CE0A2-C062-4806-A4E6-22B444F18AAB}.Debug|x86.ActiveCfg = Debug|Any CPU
		{4C0CE0A2-C062-4806-A4E6-22B444F18AAB}.Debug|x86.Build.0 = Debug|Any CPU
		{4C0CE0A2-C062-4806-A4E6-22B444F18AAB}.Release|Any CPU.ActiveCfg = Release|Any CPU
		{4C0CE0A2-C062-4806-A4E6-22B444F18AAB}.Release|Any CPU.Build.0 = Release|Any CPU
		{4C0CE0A2-C062-4806-A4E6-22B444F18AAB}.Release|x64.ActiveCfg = Release|Any CPU
		{4C0CE0A2-C062-4806-A4E6-22B444F18AAB}.Release|x64.Build.0 = Release|Any CPU
		{4C0CE0A2-C062-4806-A4E6-22B444F18AAB}.Release|x86.ActiveCfg = Release|Any CPU
		{4C0CE0A2-C062-4806-A4E6-22B444F18AAB}.Release|x86.Build.0 = Release|Any CPU
		{CF39726F-002B-4821-9FEE-9D522BFB22F4}.Debug|Any CPU.ActiveCfg = Debug|Any CPU
		{CF39726F-002B-4821-9FEE-9D522BFB22F4}.Debug|Any CPU.Build.0 = Debug|Any CPU
		{CF39726F-002B-4821-9FEE-9D522BFB22F4}.Debug|x64.ActiveCfg = Debug|Any CPU
		{CF39726F-002B-4821-9FEE-9D522BFB22F4}.Debug|x64.Build.0 = Debug|Any CPU
		{CF39726F-002B-4821-9FEE-9D522BFB22F4}.Debug|x86.ActiveCfg = Debug|Any CPU
		{CF39726F-002B-4821-9FEE-9D522BFB22F4}.Debug|x86.Build.0 = Debug|Any CPU
		{CF39726F-002B-4821-9FEE-9D522BFB22F4}.Release|Any CPU.ActiveCfg = Release|Any CPU
		{CF39726F-002B-4821-9FEE-9D522BFB22F4}.Release|Any CPU.Build.0 = Release|Any CPU
		{CF39726F-002B-4821-9FEE-9D522BFB22F4}.Release|x64.ActiveCfg = Release|Any CPU
		{CF39726F-002B-4821-9FEE-9D522BFB22F4}.Release|x64.Build.0 = Release|Any CPU
		{CF39726F-002B-4821-9FEE-9D522BFB22F4}.Release|x86.ActiveCfg = Release|Any CPU
		{CF39726F-002B-4821-9FEE-9D522BFB22F4}.Release|x86.Build.0 = Release|Any CPU
		{2348786A-7193-43D2-8060-6F15C9DF7C96}.Debug|Any CPU.ActiveCfg = Debug|Any CPU
		{2348786A-7193-43D2-8060-6F15C9DF7C96}.Debug|Any CPU.Build.0 = Debug|Any CPU
		{2348786A-7193-43D2-8060-6F15C9DF7C96}.Debug|x64.ActiveCfg = Debug|Any CPU
		{2348786A-7193-43D2-8060-6F15C9DF7C96}.Debug|x64.Build.0 = Debug|Any CPU
		{2348786A-7193-43D2-8060-6F15C9DF7C96}.Debug|x86.ActiveCfg = Debug|Any CPU
		{2348786A-7193-43D2-8060-6F15C9DF7C96}.Debug|x86.Build.0 = Debug|Any CPU
		{2348786A-7193-43D2-8060-6F15C9DF7C96}.Release|Any CPU.ActiveCfg = Release|Any CPU
		{2348786A-7193-43D2-8060-6F15C9DF7C96}.Release|Any CPU.Build.0 = Release|Any CPU
		{2348786A-7193-43D2-8060-6F15C9DF7C96}.Release|x64.ActiveCfg = Release|Any CPU
		{2348786A-7193-43D2-8060-6F15C9DF7C96}.Release|x64.Build.0 = Release|Any CPU
		{2348786A-7193-43D2-8060-6F15C9DF7C96}.Release|x86.ActiveCfg = Release|Any CPU
		{2348786A-7193-43D2-8060-6F15C9DF7C96}.Release|x86.Build.0 = Release|Any CPU
	EndGlobalSection
	GlobalSection(SolutionProperties) = preSolution
		HideSolutionNode = FALSE
	EndGlobalSection
	GlobalSection(NestedProjects) = preSolution
		{3CD39619-820D-4FBD-9BF3-39B53893CBB3} = {827E0CD3-B72D-47B6-A68D-7590B98EB39B}
		{6AFD60E6-078D-4AA8-822F-C3C64762F66B} = {827E0CD3-B72D-47B6-A68D-7590B98EB39B}
		{54CC5114-C93F-44C3-808E-FF46BCDEA487} = {827E0CD3-B72D-47B6-A68D-7590B98EB39B}
		{D30B3A04-69D7-4FD8-8194-01993BA1603D} = {827E0CD3-B72D-47B6-A68D-7590B98EB39B}
		{386054E9-1BA2-4372-86A8-8E5B75E19CA6} = {827E0CD3-B72D-47B6-A68D-7590B98EB39B}
		{8F972F50-33C2-45A7-A0E7-A4E07256CC72} = {827E0CD3-B72D-47B6-A68D-7590B98EB39B}
		{4C0CE0A2-C062-4806-A4E6-22B444F18AAB} = {0AB3BF05-4346-4AA6-1389-037BE0695223}
		{CF39726F-002B-4821-9FEE-9D522BFB22F4} = {0AB3BF05-4346-4AA6-1389-037BE0695223}
		{2348786A-7193-43D2-8060-6F15C9DF7C96} = {0AB3BF05-4346-4AA6-1389-037BE0695223}
	EndGlobalSection
EndGlobal
