
Microsoft Visual Studio Solution File, Format Version 12.00
# Visual Studio Version 17
VisualStudioVersion = 17.0.31903.59
MinimumVisualStudioVersion = 10.0.40219.1
Project("{FAE04EC0-301F-11D3-BF4B-00C04F79EFBC}") = "CsvTransform", "CsvTransform\CsvTransform.csproj", "{978B4DBA-00D0-4801-B8CF-4FA1E831ADA9}"
EndProject
Project("{FAE04EC0-301F-11D3-BF4B-00C04F79EFBC}") = "CsvTransformRunner", "CsvTransformRunner\CsvTransformRunner.csproj", "{E8CD5EDE-4290-4965-8548-C6820CA39259}"
EndProject
Project("{FAE04EC0-301F-11D3-BF4B-00C04F79EFBC}") = "CsvTransform.Tests", "CsvTransform.Tests\CsvTransform.Tests.csproj", "{8482EBCF-776E-4B0D-848B-2AB6211DFBCD}"
EndProject
Global
	GlobalSection(SolutionConfigurationPlatforms) = preSolution
		Debug|Any CPU = Debug|Any CPU
		Debug|x64 = Debug|x64
		Debug|x86 = Debug|x86
		Release|Any CPU = Release|Any CPU
		Release|x64 = Release|x64
		Release|x86 = Release|x86
	EndGlobalSection
	GlobalSection(ProjectConfigurationPlatforms) = postSolution
		{978B4DBA-00D0-4801-B8CF-4FA1E831ADA9}.Debug|Any CPU.ActiveCfg = Debug|Any CPU
		{978B4DBA-00D0-4801-B8CF-4FA1E831ADA9}.Debug|Any CPU.Build.0 = Debug|Any CPU
		{978B4DBA-00D0-4801-B8CF-4FA1E831ADA9}.Debug|x64.ActiveCfg = Debug|Any CPU
		{978B4DBA-00D0-4801-B8CF-4FA1E831ADA9}.Debug|x64.Build.0 = Debug|Any CPU
		{978B4DBA-00D0-4801-B8CF-4FA1E831ADA9}.Debug|x86.ActiveCfg = Debug|Any CPU
		{978B4DBA-00D0-4801-B8CF-4FA1E831ADA9}.Debug|x86.Build.0 = Debug|Any CPU
		{978B4DBA-00D0-4801-B8CF-4FA1E831ADA9}.Release|Any CPU.ActiveCfg = Release|Any CPU
		{978B4DBA-00D0-4801-B8CF-4FA1E831ADA9}.Release|Any CPU.Build.0 = Release|Any CPU
		{978B4DBA-00D0-4801-B8CF-4FA1E831ADA9}.Release|x64.ActiveCfg = Release|Any CPU
		{978B4DBA-00D0-4801-B8CF-4FA1E831ADA9}.Release|x64.Build.0 = Release|Any CPU
		{978B4DBA-00D0-4801-B8CF-4FA1E831ADA9}.Release|x86.ActiveCfg = Release|Any CPU
		{978B4DBA-00D0-4801-B8CF-4FA1E831ADA9}.Release|x86.Build.0 = Release|Any CPU
		{E8CD5EDE-4290-4965-8548-C6820CA39259}.Debug|Any CPU.ActiveCfg = Debug|Any CPU
		{E8CD5EDE-4290-4965-8548-C6820CA39259}.Debug|Any CPU.Build.0 = Debug|Any CPU
		{E8CD5EDE-4290-4965-8548-C6820CA39259}.Debug|x64.ActiveCfg = Debug|Any CPU
		{E8CD5EDE-4290-4965-8548-C6820CA39259}.Debug|x64.Build.0 = Debug|Any CPU
		{E8CD5EDE-4290-4965-8548-C6820CA39259}.Debug|x86.ActiveCfg = Debug|Any CPU
		{E8CD5EDE-4290-4965-8548-C6820CA39259}.Debug|x86.Build.0 = Debug|Any CPU
		{E8CD5EDE-4290-4965-8548-C6820CA39259}.Release|Any CPU.ActiveCfg = Release|Any CPU
		{E8CD5EDE-4290-4965-8548-C6820CA39259}.Release|Any CPU.Build.0 = Release|Any CPU
		{E8CD5EDE-4290-4965-8548-C6820CA39259}.Release|x64.ActiveCfg = Release|Any CPU
		{E8CD5EDE-4290-4965-8548-C6820CA39259}.Release|x64.Build.0 = Release|Any CPU
		{E8CD5EDE-4290-4965-8548-C6820CA39259}.Release|x86.ActiveCfg = Release|Any CPU
		{E8CD5EDE-4290-4965-8548-C6820CA39259}.Release|x86.Build.0 = Release|Any CPU
		{8482EBCF-776E-4B0D-848B-2AB6211DFBCD}.Debug|Any CPU.ActiveCfg = Debug|Any CPU
		{8482EBCF-776E-4B0D-848B-2AB6211DFBCD}.Debug|Any CPU.Build.0 = Debug|Any CPU
		{8482EBCF-776E-4B0D-848B-2AB6211DFBCD}.Debug|x64.ActiveCfg = Debug|Any CPU
		{8482EBCF-776E-4B0D-848B-2AB6211DFBCD}.Debug|x64.Build.0 = Debug|Any CPU
		{8482EBCF-776E-4B0D-848B-2AB6211DFBCD}.Debug|x86.ActiveCfg = Debug|Any CPU
		{8482EBCF-776E-4B0D-848B-2AB6211DFBCD}.Debug|x86.Build.0 = Debug|Any CPU
		{8482EBCF-776E-4B0D-848B-2AB6211DFBCD}.Release|Any CPU.ActiveCfg = Release|Any CPU
		{8482EBCF-776E-4B0D-848B-2AB6211DFBCD}.Release|Any CPU.Build.0 = Release|Any CPU
		{8482EBCF-776E-4B0D-848B-2AB6211DFBCD}.Release|x64.ActiveCfg = Release|Any CPU
		{8482EBCF-776E-4B0D-848B-2AB6211DFBCD}.Release|x64.Build.0 = Release|Any CPU
		{8482EBCF-776E-4B0D-848B-2AB6211DFBCD}.Release|x86.ActiveCfg = Release|Any CPU
		{8482EBCF-776E-4B0D-848B-2AB6211DFBCD}.Release|x86.Build.0 = Release|Any CPU
	EndGlobalSection
	GlobalSection(SolutionProperties) = preSolution
		HideSolutionNode = FALSE
	EndGlobalSection
EndGlobal
