{
  "version": 4,
  "terraform_version": "1.12.2",
  "serial": 9,
  "lineage": "61604583-33ff-e205-3997-889506399783",
  "outputs": {
    "backend_config": {
      "value": {
        "containers": {
          "ephemeral": "ephemeral-tfstate",
          "platform": "platform-tfstate",
          "sandbox": "sandbox-tfstate",
          "solutions": "solutions-tfstate"
        },
        "resource_group_name": "scriban-poc-dev-bootstrap-rg",
        "storage_account_name": "scribanpocdevtgxb"
      },
      "type": [
        "object",
        {
          "containers": [
            "object",
            {
              "ephemeral": "string",
              "platform": "string",
              "sandbox": "string",
              "solutions": "string"
            }
          ],
          "resource_group_name": "string",
          "storage_account_name": "string"
        }
      ]
    },
    "backend_config_example": {
      "value": "terraform {\n  backend \"azurerm\" {\n    resource_group_name  = \"scriban-poc-dev-bootstrap-rg\"\n    storage_account_name = \"scribanpocdevtgxb\"\n    container_name       = \"platform-tfstate\"  # or solutions-tfstate, ephemeral-tfstate, etc.\n    key                  = \"your-module/terraform.tfstate\"\n  }\n}\n",
      "type": "string"
    },
    "resource_group_name": {
      "value": "scriban-poc-dev-bootstrap-rg",
      "type": "string"
    },
    "state_containers": {
      "value": {
        "ephemeral": "ephemeral-tfstate",
        "platform": "platform-tfstate",
        "sandbox": "sandbox-tfstate",
        "solutions": "solutions-tfstate"
      },
      "type": [
        "object",
        {
          "ephemeral": "string",
          "platform": "string",
          "sandbox": "string",
          "solutions": "string"
        }
      ]
    },
    "storage_account_id": {
      "value": "/subscriptions/869c6084-4006-48cd-91a0-aa99542b8cd3/resourceGroups/scriban-poc-dev-bootstrap-rg/providers/Microsoft.Storage/storageAccounts/scribanpocdevtgxb",
      "type": "string"
    },
    "storage_account_name": {
      "value": "scribanpocdevtgxb",
      "type": "string"
    }
  },
  "resources": [
    {
      "mode": "managed",
      "type": "azurerm_resource_group",
      "name": "bootstrap",
      "provider": "provider[\"registry.terraform.io/hashicorp/azurerm\"]",
      "instances": [
        {
          "schema_version": 0,
          "attributes": {
            "id": "/subscriptions/869c6084-4006-48cd-91a0-aa99542b8cd3/resourceGroups/scriban-poc-dev-bootstrap-rg",
            "location": "eastus2",
            "managed_by": "",
            "name": "scriban-poc-dev-bootstrap-rg",
            "tags": {
              "Component": "bootstrap",
              "CreatedDate": "2025-07-26T00:30:06Z",
              "Environment": "dev",
              "ManagedBy": "terraform",
              "Owner": "DevOps Team",
              "Project": "scriban-poc"
            },
            "timeouts": null
          },
          "sensitive_attributes": [],
          "identity_schema_version": 0,
          "private": "eyJlMmJmYjczMC1lY2FhLTExZTYtOGY4OC0zNDM2M2JjN2M0YzAiOnsiY3JlYXRlIjo1NDAwMDAwMDAwMDAwLCJkZWxldGUiOjU0MDAwMDAwMDAwMDAsInJlYWQiOjMwMDAwMDAwMDAwMCwidXBkYXRlIjo1NDAwMDAwMDAwMDAwfX0="
        }
      ]
    },
    {
      "mode": "managed",
      "type": "azurerm_storage_account",
      "name": "tfstate",
      "provider": "provider[\"registry.terraform.io/hashicorp/azurerm\"]",
      "instances": [
        {
          "schema_version": 4,
          "attributes": {
            "access_tier": "Hot",
            "account_kind": "StorageV2",
            "account_replication_type": "LRS",
            "account_tier": "Standard",
            "allow_nested_items_to_be_public": false,
            "allowed_copy_scope": "",
            "azure_files_authentication": [],
            "blob_properties": [
              {
                "change_feed_enabled": false,
                "change_feed_retention_in_days": 0,
                "container_delete_retention_policy": [
                  {
                    "days": 30
                  }
                ],
                "cors_rule": [],
                "default_service_version": "",
                "delete_retention_policy": [
                  {
                    "days": 30,
                    "permanent_delete_enabled": false
                  }
                ],
                "last_access_time_enabled": false,
                "restore_policy": [],
                "versioning_enabled": true
              }
            ],
            "cross_tenant_replication_enabled": true,
            "custom_domain": [],
            "customer_managed_key": [],
            "default_to_oauth_authentication": false,
            "dns_endpoint_type": "Standard",
            "edge_zone": "",
            "enable_https_traffic_only": true,
            "https_traffic_only_enabled": true,
            "id": "/subscriptions/869c6084-4006-48cd-91a0-aa99542b8cd3/resourceGroups/scriban-poc-dev-bootstrap-rg/providers/Microsoft.Storage/storageAccounts/scribanpocdevtgxb",
            "identity": [],
            "immutability_policy": [],
            "infrastructure_encryption_enabled": false,
            "is_hns_enabled": false,
            "large_file_share_enabled": false,
            "local_user_enabled": true,
            "location": "eastus2",
            "min_tls_version": "TLS1_2",
            "name": "scribanpocdevtgxb",
            "network_rules": [],
            "nfsv3_enabled": false,
            "primary_access_key": "RIDkJiU9DQXTUme1AyWWXfLZEjnitss5SR5XrQybpIhz/V0YTRYtZaONmnUMU/vY/ZAy8P5SMxUQ+AStTSQ93Q==",
            "primary_blob_connection_string": "DefaultEndpointsProtocol=https;BlobEndpoint=https://scribanpocdevtgxb.blob.core.windows.net/;AccountName=scribanpocdevtgxb;AccountKey=RIDkJiU9DQXTUme1AyWWXfLZEjnitss5SR5XrQybpIhz/V0YTRYtZaONmnUMU/vY/ZAy8P5SMxUQ+AStTSQ93Q==",
            "primary_blob_endpoint": "https://scribanpocdevtgxb.blob.core.windows.net/",
            "primary_blob_host": "scribanpocdevtgxb.blob.core.windows.net",
            "primary_blob_internet_endpoint": "",
            "primary_blob_internet_host": "",
            "primary_blob_microsoft_endpoint": "",
            "primary_blob_microsoft_host": "",
            "primary_connection_string": "DefaultEndpointsProtocol=https;AccountName=scribanpocdevtgxb;AccountKey=RIDkJiU9DQXTUme1AyWWXfLZEjnitss5SR5XrQybpIhz/V0YTRYtZaONmnUMU/vY/ZAy8P5SMxUQ+AStTSQ93Q==;EndpointSuffix=core.windows.net",
            "primary_dfs_endpoint": "https://scribanpocdevtgxb.dfs.core.windows.net/",
            "primary_dfs_host": "scribanpocdevtgxb.dfs.core.windows.net",
            "primary_dfs_internet_endpoint": "",
            "primary_dfs_internet_host": "",
            "primary_dfs_microsoft_endpoint": "",
            "primary_dfs_microsoft_host": "",
            "primary_file_endpoint": "https://scribanpocdevtgxb.file.core.windows.net/",
            "primary_file_host": "scribanpocdevtgxb.file.core.windows.net",
            "primary_file_internet_endpoint": "",
            "primary_file_internet_host": "",
            "primary_file_microsoft_endpoint": "",
            "primary_file_microsoft_host": "",
            "primary_location": "eastus2",
            "primary_queue_endpoint": "https://scribanpocdevtgxb.queue.core.windows.net/",
            "primary_queue_host": "scribanpocdevtgxb.queue.core.windows.net",
            "primary_queue_microsoft_endpoint": "",
            "primary_queue_microsoft_host": "",
            "primary_table_endpoint": "https://scribanpocdevtgxb.table.core.windows.net/",
            "primary_table_host": "scribanpocdevtgxb.table.core.windows.net",
            "primary_table_microsoft_endpoint": "",
            "primary_table_microsoft_host": "",
            "primary_web_endpoint": "https://scribanpocdevtgxb.z20.web.core.windows.net/",
            "primary_web_host": "scribanpocdevtgxb.z20.web.core.windows.net",
            "primary_web_internet_endpoint": "",
            "primary_web_internet_host": "",
            "primary_web_microsoft_endpoint": "",
            "primary_web_microsoft_host": "",
            "public_network_access_enabled": true,
            "queue_encryption_key_type": "Service",
            "queue_properties": [
              {
                "cors_rule": [],
                "hour_metrics": [
                  {
                    "enabled": false,
                    "include_apis": false,
                    "retention_policy_days": 0,
                    "version": "1.0"
                  }
                ],
                "logging": [
                  {
                    "delete": false,
                    "read": false,
                    "retention_policy_days": 0,
                    "version": "1.0",
                    "write": false
                  }
                ],
                "minute_metrics": [
                  {
                    "enabled": false,
                    "include_apis": false,
                    "retention_policy_days": 0,
                    "version": "1.0"
                  }
                ]
              }
            ],
            "resource_group_name": "scriban-poc-dev-bootstrap-rg",
            "routing": [],
            "sas_policy": [],
            "secondary_access_key": "hbPJECTdVwPI0N8svY5opOengLTSCg5naNByb9uXFj3ja60pkZj4qctQHNLpM4pyBDAlS74JiNhz+AStDFrIdQ==",
            "secondary_blob_connection_string": "",
            "secondary_blob_endpoint": "",
            "secondary_blob_host": "",
            "secondary_blob_internet_endpoint": "",
            "secondary_blob_internet_host": "",
            "secondary_blob_microsoft_endpoint": "",
            "secondary_blob_microsoft_host": "",
            "secondary_connection_string": "DefaultEndpointsProtocol=https;AccountName=scribanpocdevtgxb;AccountKey=hbPJECTdVwPI0N8svY5opOengLTSCg5naNByb9uXFj3ja60pkZj4qctQHNLpM4pyBDAlS74JiNhz+AStDFrIdQ==;EndpointSuffix=core.windows.net",
            "secondary_dfs_endpoint": "",
            "secondary_dfs_host": "",
            "secondary_dfs_internet_endpoint": "",
            "secondary_dfs_internet_host": "",
            "secondary_dfs_microsoft_endpoint": "",
            "secondary_dfs_microsoft_host": "",
            "secondary_file_endpoint": "",
            "secondary_file_host": "",
            "secondary_file_internet_endpoint": "",
            "secondary_file_internet_host": "",
            "secondary_file_microsoft_endpoint": "",
            "secondary_file_microsoft_host": "",
            "secondary_location": "",
            "secondary_queue_endpoint": "",
            "secondary_queue_host": "",
            "secondary_queue_microsoft_endpoint": "",
            "secondary_queue_microsoft_host": "",
            "secondary_table_endpoint": "",
            "secondary_table_host": "",
            "secondary_table_microsoft_endpoint": "",
            "secondary_table_microsoft_host": "",
            "secondary_web_endpoint": "",
            "secondary_web_host": "",
            "secondary_web_internet_endpoint": "",
            "secondary_web_internet_host": "",
            "secondary_web_microsoft_endpoint": "",
            "secondary_web_microsoft_host": "",
            "sftp_enabled": false,
            "share_properties": [
              {
                "cors_rule": [],
                "retention_policy": [
                  {
                    "days": 7
                  }
                ],
                "smb": []
              }
            ],
            "shared_access_key_enabled": true,
            "static_website": [],
            "table_encryption_key_type": "Service",
            "tags": {
              "Component": "bootstrap",
              "CreatedDate": "2025-07-26T00:30:06Z",
              "Environment": "dev",
              "ManagedBy": "terraform",
              "Owner": "DevOps Team",
              "Project": "scriban-poc"
            },
            "timeouts": null
          },
          "sensitive_attributes": [
            [
              {
                "type": "get_attr",
                "value": "primary_access_key"
              }
            ],
            [
              {
                "type": "get_attr",
                "value": "primary_blob_connection_string"
              }
            ],
            [
              {
                "type": "get_attr",
                "value": "primary_connection_string"
              }
            ],
            [
              {
                "type": "get_attr",
                "value": "secondary_access_key"
              }
            ],
            [
              {
                "type": "get_attr",
                "value": "secondary_blob_connection_string"
              }
            ],
            [
              {
                "type": "get_attr",
                "value": "secondary_connection_string"
              }
            ]
          ],
          "identity_schema_version": 0,
          "private": "eyJlMmJmYjczMC1lY2FhLTExZTYtOGY4OC0zNDM2M2JjN2M0YzAiOnsiY3JlYXRlIjozNjAwMDAwMDAwMDAwLCJkZWxldGUiOjM2MDAwMDAwMDAwMDAsInJlYWQiOjMwMDAwMDAwMDAwMCwidXBkYXRlIjozNjAwMDAwMDAwMDAwfSwic2NoZW1hX3ZlcnNpb24iOiI0In0=",
          "dependencies": [
            "azurerm_resource_group.bootstrap",
            "random_string.suffix"
          ]
        }
      ]
    },
    {
      "mode": "managed",
      "type": "azurerm_storage_container",
      "name": "state_containers",
      "provider": "provider[\"registry.terraform.io/hashicorp/azurerm\"]",
      "instances": [
        {
          "index_key": "ephemeral",
          "schema_version": 1,
          "attributes": {
            "container_access_type": "private",
            "default_encryption_scope": "$account-encryption-key",
            "encryption_scope_override_enabled": true,
            "has_immutability_policy": false,
            "has_legal_hold": false,
            "id": "https://scribanpocdevtgxb.blob.core.windows.net/ephemeral-tfstate",
            "metadata": {},
            "name": "ephemeral-tfstate",
            "resource_manager_id": "/subscriptions/869c6084-4006-48cd-91a0-aa99542b8cd3/resourceGroups/scriban-poc-dev-bootstrap-rg/providers/Microsoft.Storage/storageAccounts/scribanpocdevtgxb/blobServices/default/containers/ephemeral-tfstate",
            "storage_account_name": "scribanpocdevtgxb",
            "timeouts": null
          },
          "sensitive_attributes": [],
          "identity_schema_version": 0,
          "private": "eyJlMmJmYjczMC1lY2FhLTExZTYtOGY4OC0zNDM2M2JjN2M0YzAiOnsiY3JlYXRlIjoxODAwMDAwMDAwMDAwLCJkZWxldGUiOjE4MDAwMDAwMDAwMDAsInJlYWQiOjMwMDAwMDAwMDAwMCwidXBkYXRlIjoxODAwMDAwMDAwMDAwfSwic2NoZW1hX3ZlcnNpb24iOiIxIn0=",
          "dependencies": [
            "azurerm_resource_group.bootstrap",
            "azurerm_storage_account.tfstate",
            "random_string.suffix"
          ]
        },
        {
          "index_key": "platform",
          "schema_version": 1,
          "attributes": {
            "container_access_type": "private",
            "default_encryption_scope": "$account-encryption-key",
            "encryption_scope_override_enabled": true,
            "has_immutability_policy": false,
            "has_legal_hold": false,
            "id": "https://scribanpocdevtgxb.blob.core.windows.net/platform-tfstate",
            "metadata": {},
            "name": "platform-tfstate",
            "resource_manager_id": "/subscriptions/869c6084-4006-48cd-91a0-aa99542b8cd3/resourceGroups/scriban-poc-dev-bootstrap-rg/providers/Microsoft.Storage/storageAccounts/scribanpocdevtgxb/blobServices/default/containers/platform-tfstate",
            "storage_account_name": "scribanpocdevtgxb",
            "timeouts": null
          },
          "sensitive_attributes": [],
          "identity_schema_version": 0,
          "private": "eyJlMmJmYjczMC1lY2FhLTExZTYtOGY4OC0zNDM2M2JjN2M0YzAiOnsiY3JlYXRlIjoxODAwMDAwMDAwMDAwLCJkZWxldGUiOjE4MDAwMDAwMDAwMDAsInJlYWQiOjMwMDAwMDAwMDAwMCwidXBkYXRlIjoxODAwMDAwMDAwMDAwfSwic2NoZW1hX3ZlcnNpb24iOiIxIn0=",
          "dependencies": [
            "azurerm_resource_group.bootstrap",
            "azurerm_storage_account.tfstate",
            "random_string.suffix"
          ]
        },
        {
          "index_key": "sandbox",
          "schema_version": 1,
          "attributes": {
            "container_access_type": "private",
            "default_encryption_scope": "$account-encryption-key",
            "encryption_scope_override_enabled": true,
            "has_immutability_policy": false,
            "has_legal_hold": false,
            "id": "https://scribanpocdevtgxb.blob.core.windows.net/sandbox-tfstate",
            "metadata": {},
            "name": "sandbox-tfstate",
            "resource_manager_id": "/subscriptions/869c6084-4006-48cd-91a0-aa99542b8cd3/resourceGroups/scriban-poc-dev-bootstrap-rg/providers/Microsoft.Storage/storageAccounts/scribanpocdevtgxb/blobServices/default/containers/sandbox-tfstate",
            "storage_account_name": "scribanpocdevtgxb",
            "timeouts": null
          },
          "sensitive_attributes": [],
          "identity_schema_version": 0,
          "private": "eyJlMmJmYjczMC1lY2FhLTExZTYtOGY4OC0zNDM2M2JjN2M0YzAiOnsiY3JlYXRlIjoxODAwMDAwMDAwMDAwLCJkZWxldGUiOjE4MDAwMDAwMDAwMDAsInJlYWQiOjMwMDAwMDAwMDAwMCwidXBkYXRlIjoxODAwMDAwMDAwMDAwfSwic2NoZW1hX3ZlcnNpb24iOiIxIn0=",
          "dependencies": [
            "azurerm_resource_group.bootstrap",
            "azurerm_storage_account.tfstate",
            "random_string.suffix"
          ]
        },
        {
          "index_key": "solutions",
          "schema_version": 1,
          "attributes": {
            "container_access_type": "private",
            "default_encryption_scope": "$account-encryption-key",
            "encryption_scope_override_enabled": true,
            "has_immutability_policy": false,
            "has_legal_hold": false,
            "id": "https://scribanpocdevtgxb.blob.core.windows.net/solutions-tfstate",
            "metadata": {},
            "name": "solutions-tfstate",
            "resource_manager_id": "/subscriptions/869c6084-4006-48cd-91a0-aa99542b8cd3/resourceGroups/scriban-poc-dev-bootstrap-rg/providers/Microsoft.Storage/storageAccounts/scribanpocdevtgxb/blobServices/default/containers/solutions-tfstate",
            "storage_account_name": "scribanpocdevtgxb",
            "timeouts": null
          },
          "sensitive_attributes": [],
          "identity_schema_version": 0,
          "private": "eyJlMmJmYjczMC1lY2FhLTExZTYtOGY4OC0zNDM2M2JjN2M0YzAiOnsiY3JlYXRlIjoxODAwMDAwMDAwMDAwLCJkZWxldGUiOjE4MDAwMDAwMDAwMDAsInJlYWQiOjMwMDAwMDAwMDAwMCwidXBkYXRlIjoxODAwMDAwMDAwMDAwfSwic2NoZW1hX3ZlcnNpb24iOiIxIn0=",
          "dependencies": [
            "azurerm_resource_group.bootstrap",
            "azurerm_storage_account.tfstate",
            "random_string.suffix"
          ]
        }
      ]
    },
    {
      "mode": "managed",
      "type": "azurerm_storage_management_policy",
      "name": "tfstate",
      "provider": "provider[\"registry.terraform.io/hashicorp/azurerm\"]",
      "instances": [
        {
          "schema_version": 0,
          "attributes": {
            "id": "/subscriptions/869c6084-4006-48cd-91a0-aa99542b8cd3/resourceGroups/scriban-poc-dev-bootstrap-rg/providers/Microsoft.Storage/storageAccounts/scribanpocdevtgxb/managementPolicies/default",
            "rule": [
              {
                "actions": [
                  {
                    "base_blob": [
                      {
                        "auto_tier_to_hot_from_cool_enabled": false,
                        "delete_after_days_since_creation_greater_than": -1,
                        "delete_after_days_since_last_access_time_greater_than": -1,
                        "delete_after_days_since_modification_greater_than": -1,
                        "tier_to_archive_after_days_since_creation_greater_than": -1,
                        "tier_to_archive_after_days_since_last_access_time_greater_than": -1,
                        "tier_to_archive_after_days_since_last_tier_change_greater_than": -1,
                        "tier_to_archive_after_days_since_modification_greater_than": 90,
                        "tier_to_cold_after_days_since_creation_greater_than": -1,
                        "tier_to_cold_after_days_since_last_access_time_greater_than": -1,
                        "tier_to_cold_after_days_since_modification_greater_than": -1,
                        "tier_to_cool_after_days_since_creation_greater_than": -1,
                        "tier_to_cool_after_days_since_last_access_time_greater_than": -1,
                        "tier_to_cool_after_days_since_modification_greater_than": 30
                      }
                    ],
                    "snapshot": [],
                    "version": [
                      {
                        "change_tier_to_archive_after_days_since_creation": -1,
                        "change_tier_to_cool_after_days_since_creation": -1,
                        "delete_after_days_since_creation": 30,
                        "tier_to_archive_after_days_since_last_tier_change_greater_than": -1,
                        "tier_to_cold_after_days_since_creation_greater_than": -1
                      }
                    ]
                  }
                ],
                "enabled": true,
                "filters": [
                  {
                    "blob_types": [
                      "blockBlob"
                    ],
                    "match_blob_index_tag": [],
                    "prefix_match": [
                      "platform-tfstate/",
                      "sandbox-tfstate/",
                      "solutions-tfstate/"
                    ]
                  }
                ],
                "name": "tfstate-lifecycle"
              },
              {
                "actions": [
                  {
                    "base_blob": [
                      {
                        "auto_tier_to_hot_from_cool_enabled": false,
                        "delete_after_days_since_creation_greater_than": -1,
                        "delete_after_days_since_last_access_time_greater_than": -1,
                        "delete_after_days_since_modification_greater_than": 7,
                        "tier_to_archive_after_days_since_creation_greater_than": -1,
                        "tier_to_archive_after_days_since_last_access_time_greater_than": -1,
                        "tier_to_archive_after_days_since_last_tier_change_greater_than": -1,
                        "tier_to_archive_after_days_since_modification_greater_than": -1,
                        "tier_to_cold_after_days_since_creation_greater_than": -1,
                        "tier_to_cold_after_days_since_last_access_time_greater_than": -1,
                        "tier_to_cold_after_days_since_modification_greater_than": -1,
                        "tier_to_cool_after_days_since_creation_greater_than": -1,
                        "tier_to_cool_after_days_since_last_access_time_greater_than": -1,
                        "tier_to_cool_after_days_since_modification_greater_than": -1
                      }
                    ],
                    "snapshot": [],
                    "version": [
                      {
                        "change_tier_to_archive_after_days_since_creation": -1,
                        "change_tier_to_cool_after_days_since_creation": -1,
                        "delete_after_days_since_creation": 3,
                        "tier_to_archive_after_days_since_last_tier_change_greater_than": -1,
                        "tier_to_cold_after_days_since_creation_greater_than": -1
                      }
                    ]
                  }
                ],
                "enabled": true,
                "filters": [
                  {
                    "blob_types": [
                      "blockBlob"
                    ],
                    "match_blob_index_tag": [],
                    "prefix_match": [
                      "ephemeral-tfstate/"
                    ]
                  }
                ],
                "name": "ephemeral-lifecycle"
              }
            ],
            "storage_account_id": "/subscriptions/869c6084-4006-48cd-91a0-aa99542b8cd3/resourceGroups/scriban-poc-dev-bootstrap-rg/providers/Microsoft.Storage/storageAccounts/scribanpocdevtgxb",
            "timeouts": null
          },
          "sensitive_attributes": [],
          "identity_schema_version": 0,
          "private": "eyJlMmJmYjczMC1lY2FhLTExZTYtOGY4OC0zNDM2M2JjN2M0YzAiOnsiY3JlYXRlIjoxODAwMDAwMDAwMDAwLCJkZWxldGUiOjE4MDAwMDAwMDAwMDAsInJlYWQiOjMwMDAwMDAwMDAwMCwidXBkYXRlIjoxODAwMDAwMDAwMDAwfX0=",
          "dependencies": [
            "azurerm_resource_group.bootstrap",
            "azurerm_storage_account.tfstate",
            "random_string.suffix"
          ]
        }
      ]
    },
    {
      "mode": "managed",
      "type": "random_string",
      "name": "suffix",
      "provider": "provider[\"registry.terraform.io/hashicorp/random\"]",
      "instances": [
        {
          "schema_version": 2,
          "attributes": {
            "id": "tgxb",
            "keepers": null,
            "length": 4,
            "lower": true,
            "min_lower": 0,
            "min_numeric": 0,
            "min_special": 0,
            "min_upper": 0,
            "number": true,
            "numeric": true,
            "override_special": null,
            "result": "tgxb",
            "special": false,
            "upper": false
          },
          "sensitive_attributes": [],
          "identity_schema_version": 0
        }
      ]
    }
  ],
  "check_results": [
    {
      "object_kind": "var",
      "config_addr": "var.soft_delete_retention_days",
      "status": "pass",
      "objects": [
        {
          "object_addr": "var.soft_delete_retention_days",
          "status": "pass"
        }
      ]
    },
    {
      "object_kind": "var",
      "config_addr": "var.environment",
      "status": "pass",
      "objects": [
        {
          "object_addr": "var.environment",
          "status": "pass"
        }
      ]
    },
    {
      "object_kind": "var",
      "config_addr": "var.project_name",
      "status": "pass",
      "objects": [
        {
          "object_addr": "var.project_name",
          "status": "pass"
        }
      ]
    }
  ]
}
